
Microsoft Visual Studio Solution File, Format Version 12.00
# Visual Studio Version 17
VisualStudioVersion = 17.8.34408.163
MinimumVisualStudioVersion = 10.0.40219.1
Project("{9A19103F-16F7-4668-BE54-9A1E7A4F7556}") = "ybwork.YBSocket", "ybwork.YBSocket\ybwork.YBSocket.csproj", "{EC11F625-1C3F-4C13-9831-3022C39DB1C7}"
EndProject
Project("{2150E333-8FDC-42A3-9474-1A3956D46DE8}") = "Solution Items", "Solution Items", "{398E531F-B3B2-455A-8C37-4137A803981E}"
	ProjectSection(SolutionItems) = preProject
		.editorconfig = .editorconfig
	EndProjectSection
EndProject
Project("{9A19103F-16F7-4668-BE54-9A1E7A4F7556}") = "ServerTest", "ServerTest\ServerTest.csproj", "{55D0678D-FFCB-4A93-A168-5EFDC319A262}"
EndProject
Project("{9A19103F-16F7-4668-BE54-9A1E7A4F7556}") = "ClientTest1", "ClientTest1\ClientTest1.csproj", "{BA72F990-34A5-46D7-9BC6-4D63CAF8C6B5}"
EndProject
Project("{9A19103F-16F7-4668-BE54-9A1E7A4F7556}") = "ClientTest2", "ClientTest2\ClientTest2.csproj", "{AAA8C9E8-FAC0-48CF-9D3F-C3B60926243F}"
EndProject
Global
	GlobalSection(SolutionConfigurationPlatforms) = preSolution
		Debug|Any CPU = Debug|Any CPU
		Release|Any CPU = Release|Any CPU
	EndGlobalSection
	GlobalSection(ProjectConfigurationPlatforms) = postSolution
		{EC11F625-1C3F-4C13-9831-3022C39DB1C7}.Debug|Any CPU.ActiveCfg = Debug|Any CPU
		{EC11F625-1C3F-4C13-9831-3022C39DB1C7}.Debug|Any CPU.Build.0 = Debug|Any CPU
		{EC11F625-1C3F-4C13-9831-3022C39DB1C7}.Release|Any CPU.ActiveCfg = Release|Any CPU
		{EC11F625-1C3F-4C13-9831-3022C39DB1C7}.Release|Any CPU.Build.0 = Release|Any CPU
		{55D0678D-FFCB-4A93-A168-5EFDC319A262}.Debug|Any CPU.ActiveCfg = Debug|Any CPU
		{55D0678D-FFCB-4A93-A168-5EFDC319A262}.Debug|Any CPU.Build.0 = Debug|Any CPU
		{55D0678D-FFCB-4A93-A168-5EFDC319A262}.Release|Any CPU.ActiveCfg = Release|Any CPU
		{55D0678D-FFCB-4A93-A168-5EFDC319A262}.Release|Any CPU.Build.0 = Release|Any CPU
		{BA72F990-34A5-46D7-9BC6-4D63CAF8C6B5}.Debug|Any CPU.ActiveCfg = Debug|Any CPU
		{BA72F990-34A5-46D7-9BC6-4D63CAF8C6B5}.Debug|Any CPU.Build.0 = Debug|Any CPU
		{BA72F990-34A5-46D7-9BC6-4D63CAF8C6B5}.Release|Any CPU.ActiveCfg = Release|Any CPU
		{BA72F990-34A5-46D7-9BC6-4D63CAF8C6B5}.Release|Any CPU.Build.0 = Release|Any CPU
		{AAA8C9E8-FAC0-48CF-9D3F-C3B60926243F}.Debug|Any CPU.ActiveCfg = Debug|Any CPU
		{AAA8C9E8-FAC0-48CF-9D3F-C3B60926243F}.Debug|Any CPU.Build.0 = Debug|Any CPU
		{AAA8C9E8-FAC0-48CF-9D3F-C3B60926243F}.Release|Any CPU.ActiveCfg = Release|Any CPU
		{AAA8C9E8-FAC0-48CF-9D3F-C3B60926243F}.Release|Any CPU.Build.0 = Release|Any CPU
	EndGlobalSection
	GlobalSection(SolutionProperties) = preSolution
		HideSolutionNode = FALSE
	EndGlobalSection
	GlobalSection(ExtensibilityGlobals) = postSolution
		SolutionGuid = {37E97780-148A-4C4E-A32C-78B787C7FBA7}
	EndGlobalSection
EndGlobal
